Microsoft Visual Studio Solution File, Format Version 12.00
# Visual Studio 15
Project("{8BC9CEB8-8B4A-11D0-8D11-00A0C91BC942}") = "ALL_BUILD", "ALL_BUILD.vcxproj", "{AA53FC01-4093-326D-9A00-28561E7DE53A}"
	ProjectSection(ProjectDependencies) = postProject
		{4EDDF844-1280-3DC0-9422-39FA05910D2D} = {4EDDF844-1280-3DC0-9422-39FA05910D2D}
		{F55B1D6E-BAD2-3ACA-9325-74DEF94FBFD4} = {F55B1D6E-BAD2-3ACA-9325-74DEF94FBFD4}
		{F6876A01-C4EB-365D-9B47-37695A4AFA47} = {F6876A01-C4EB-365D-9B47-37695A4AFA47}
		{79C419D0-34AC-3E73-A10A-3382BFB586DD} = {79C419D0-34AC-3E73-A10A-3382BFB586DD}
		{1BD35E18-0A49-3EF2-9C5E-7E5C24F82160} = {1BD35E18-0A49-3EF2-9C5E-7E5C24F82160}
	EndProjectSection
EndProject
Project("{8BC9CEB8-8B4A-11D0-8D11-00A0C91BC942}") = "INSTALL", "INSTALL.vcxproj", "{4CCA1D3D-8FD3-3A00-83F3-E03EADC7317E}"
	ProjectSection(ProjectDependencies) = postProject
		{AA53FC01-4093-326D-9A00-28561E7DE53A} = {AA53FC01-4093-326D-9A00-28561E7DE53A}
		{4EDDF844-1280-3DC0-9422-39FA05910D2D} = {4EDDF844-1280-3DC0-9422-39FA05910D2D}
	EndProjectSection
EndProject
Project("{8BC9CEB8-8B4A-11D0-8D11-00A0C91BC942}") = "RUN_TESTS", "RUN_TESTS.vcxproj", "{2712DFA3-1073-3FEB-B27F-7E8E35C1B5E2}"
	ProjectSection(ProjectDependencies) = postProject
		{4EDDF844-1280-3DC0-9422-39FA05910D2D} = {4EDDF844-1280-3DC0-9422-39FA05910D2D}
	EndProjectSection
EndProject
Project("{8BC9CEB8-8B4A-11D0-8D11-00A0C91BC942}") = "ZERO_CHECK", "ZERO_CHECK.vcxproj", "{4EDDF844-1280-3DC0-9422-39FA05910D2D}"
	ProjectSection(ProjectDependencies) = postProject
	EndProjectSection
EndProject
Project("{8BC9CEB8-8B4A-11D0-8D11-00A0C91BC942}") = "example", "example.vcxproj", "{F55B1D6E-BAD2-3ACA-9325-74DEF94FBFD4}"
	ProjectSection(ProjectDependencies) = postProject
		{4EDDF844-1280-3DC0-9422-39FA05910D2D} = {4EDDF844-1280-3DC0-9422-39FA05910D2D}
		{79C419D0-34AC-3E73-A10A-3382BFB586DD} = {79C419D0-34AC-3E73-A10A-3382BFB586DD}
	EndProjectSection
EndProject
Project("{8BC9CEB8-8B4A-11D0-8D11-00A0C91BC942}") = "minigzip", "minigzip.vcxproj", "{F6876A01-C4EB-365D-9B47-37695A4AFA47}"
	ProjectSection(ProjectDependencies) = postProject
		{4EDDF844-1280-3DC0-9422-39FA05910D2D} = {4EDDF844-1280-3DC0-9422-39FA05910D2D}
		{79C419D0-34AC-3E73-A10A-3382BFB586DD} = {79C419D0-34AC-3E73-A10A-3382BFB586DD}
	EndProjectSection
EndProject
Project("{8BC9CEB8-8B4A-11D0-8D11-00A0C91BC942}") = "zlib", "zlib.vcxproj", "{79C419D0-34AC-3E73-A10A-3382BFB586DD}"
	ProjectSection(ProjectDependencies) = postProject
		{4EDDF844-1280-3DC0-9422-39FA05910D2D} = {4EDDF844-1280-3DC0-9422-39FA05910D2D}
	EndProjectSection
EndProject
Project("{8BC9CEB8-8B4A-11D0-8D11-00A0C91BC942}") = "zlibstatic", "zlibstatic.vcxproj", "{1BD35E18-0A49-3EF2-9C5E-7E5C24F82160}"
	ProjectSection(ProjectDependencies) = postProject
		{4EDDF844-1280-3DC0-9422-39FA05910D2D} = {4EDDF844-1280-3DC0-9422-39FA05910D2D}
	EndProjectSection
EndProject
Global
	GlobalSection(SolutionConfigurationPlatforms) = preSolution
		Debug|x64 = Debug|x64
		Release|x64 = Release|x64
		MinSizeRel|x64 = MinSizeRel|x64
		RelWithDebInfo|x64 = RelWithDebInfo|x64
	EndGlobalSection
	GlobalSection(ProjectConfigurationPlatforms) = postSolution
		{AA53FC01-4093-326D-9A00-28561E7DE53A}.Debug|x64.ActiveCfg = Debug|x64
		{AA53FC01-4093-326D-9A00-28561E7DE53A}.Debug|x64.Build.0 = Debug|x64
		{AA53FC01-4093-326D-9A00-28561E7DE53A}.Release|x64.ActiveCfg = Release|x64
		{AA53FC01-4093-326D-9A00-28561E7DE53A}.Release|x64.Build.0 = Release|x64
		{AA53FC01-4093-326D-9A00-28561E7DE53A}.MinSizeRel|x64.ActiveCfg = MinSizeRel|x64
		{AA53FC01-4093-326D-9A00-28561E7DE53A}.MinSizeRel|x64.Build.0 = MinSizeRel|x64
		{AA53FC01-4093-326D-9A00-28561E7DE53A}.RelWithDebInfo|x64.ActiveCfg = RelWithDebInfo|x64
		{AA53FC01-4093-326D-9A00-28561E7DE53A}.RelWithDebInfo|x64.Build.0 = RelWithDebInfo|x64
		{4CCA1D3D-8FD3-3A00-83F3-E03EADC7317E}.Debug|x64.ActiveCfg = Debug|x64
		{4CCA1D3D-8FD3-3A00-83F3-E03EADC7317E}.Release|x64.ActiveCfg = Release|x64
		{4CCA1D3D-8FD3-3A00-83F3-E03EADC7317E}.MinSizeRel|x64.ActiveCfg = MinSizeRel|x64
		{4CCA1D3D-8FD3-3A00-83F3-E03EADC7317E}.RelWithDebInfo|x64.ActiveCfg = RelWithDebInfo|x64
		{2712DFA3-1073-3FEB-B27F-7E8E35C1B5E2}.Debug|x64.ActiveCfg = Debug|x64
		{2712DFA3-1073-3FEB-B27F-7E8E35C1B5E2}.Release|x64.ActiveCfg = Release|x64
		{2712DFA3-1073-3FEB-B27F-7E8E35C1B5E2}.MinSizeRel|x64.ActiveCfg = MinSizeRel|x64
		{2712DFA3-1073-3FEB-B27F-7E8E35C1B5E2}.RelWithDebInfo|x64.ActiveCfg = RelWithDebInfo|x64
		{4EDDF844-1280-3DC0-9422-39FA05910D2D}.Debug|x64.ActiveCfg = Debug|x64
		{4EDDF844-1280-3DC0-9422-39FA05910D2D}.Debug|x64.Build.0 = Debug|x64
		{4EDDF844-1280-3DC0-9422-39FA05910D2D}.Release|x64.ActiveCfg = Release|x64
		{4EDDF844-1280-3DC0-9422-39FA05910D2D}.Release|x64.Build.0 = Release|x64
		{4EDDF844-1280-3DC0-9422-39FA05910D2D}.MinSizeRel|x64.ActiveCfg = MinSizeRel|x64
		{4EDDF844-1280-3DC0-9422-39FA05910D2D}.MinSizeRel|x64.Build.0 = MinSizeRel|x64
		{4EDDF844-1280-3DC0-9422-39FA05910D2D}.RelWithDebInfo|x64.ActiveCfg = RelWithDebInfo|x64
		{4EDDF844-1280-3DC0-9422-39FA05910D2D}.RelWithDebInfo|x64.Build.0 = RelWithDebInfo|x64
		{F55B1D6E-BAD2-3ACA-9325-74DEF94FBFD4}.Debug|x64.ActiveCfg = Debug|x64
		{F55B1D6E-BAD2-3ACA-9325-74DEF94FBFD4}.Debug|x64.Build.0 = Debug|x64
		{F55B1D6E-BAD2-3ACA-9325-74DEF94FBFD4}.Release|x64.ActiveCfg = Release|x64
		{F55B1D6E-BAD2-3ACA-9325-74DEF94FBFD4}.Release|x64.Build.0 = Release|x64
		{F55B1D6E-BAD2-3ACA-9325-74DEF94FBFD4}.MinSizeRel|x64.ActiveCfg = MinSizeRel|x64
		{F55B1D6E-BAD2-3ACA-9325-74DEF94FBFD4}.MinSizeRel|x64.Build.0 = MinSizeRel|x64
		{F55B1D6E-BAD2-3ACA-9325-74DEF94FBFD4}.RelWithDebInfo|x64.ActiveCfg = RelWithDebInfo|x64
		{F55B1D6E-BAD2-3ACA-9325-74DEF94FBFD4}.RelWithDebInfo|x64.Build.0 = RelWithDebInfo|x64
		{F6876A01-C4EB-365D-9B47-37695A4AFA47}.Debug|x64.ActiveCfg = Debug|x64
		{F6876A01-C4EB-365D-9B47-37695A4AFA47}.Debug|x64.Build.0 = Debug|x64
		{F6876A01-C4EB-365D-9B47-37695A4AFA47}.Release|x64.ActiveCfg = Release|x64
		{F6876A01-C4EB-365D-9B47-37695A4AFA47}.Release|x64.Build.0 = Release|x64
		{F6876A01-C4EB-365D-9B47-37695A4AFA47}.MinSizeRel|x64.ActiveCfg = MinSizeRel|x64
		{F6876A01-C4EB-365D-9B47-37695A4AFA47}.MinSizeRel|x64.Build.0 = MinSizeRel|x64
		{F6876A01-C4EB-365D-9B47-37695A4AFA47}.RelWithDebInfo|x64.ActiveCfg = RelWithDebInfo|x64
		{F6876A01-C4EB-365D-9B47-37695A4AFA47}.RelWithDebInfo|x64.Build.0 = RelWithDebInfo|x64
		{79C419D0-34AC-3E73-A10A-3382BFB586DD}.Debug|x64.ActiveCfg = Debug|x64
		{79C419D0-34AC-3E73-A10A-3382BFB586DD}.Debug|x64.Build.0 = Debug|x64
		{79C419D0-34AC-3E73-A10A-3382BFB586DD}.Release|x64.ActiveCfg = Release|x64
		{79C419D0-34AC-3E73-A10A-3382BFB586DD}.Release|x64.Build.0 = Release|x64
		{79C419D0-34AC-3E73-A10A-3382BFB586DD}.MinSizeRel|x64.ActiveCfg = MinSizeRel|x64
		{79C419D0-34AC-3E73-A10A-3382BFB586DD}.MinSizeRel|x64.Build.0 = MinSizeRel|x64
		{79C419D0-34AC-3E73-A10A-3382BFB586DD}.RelWithDebInfo|x64.ActiveCfg = RelWithDebInfo|x64
		{79C419D0-34AC-3E73-A10A-3382BFB586DD}.RelWithDebInfo|x64.Build.0 = RelWithDebInfo|x64
		{1BD35E18-0A49-3EF2-9C5E-7E5C24F82160}.Debug|x64.ActiveCfg = Debug|x64
		{1BD35E18-0A49-3EF2-9C5E-7E5C24F82160}.Debug|x64.Build.0 = Debug|x64
		{1BD35E18-0A49-3EF2-9C5E-7E5C24F82160}.Release|x64.ActiveCfg = Release|x64
		{1BD35E18-0A49-3EF2-9C5E-7E5C24F82160}.Release|x64.Build.0 = Release|x64
		{1BD35E18-0A49-3EF2-9C5E-7E5C24F82160}.MinSizeRel|x64.ActiveCfg = MinSizeRel|x64
		{1BD35E18-0A49-3EF2-9C5E-7E5C24F82160}.MinSizeRel|x64.Build.0 = MinSizeRel|x64
		{1BD35E18-0A49-3EF2-9C5E-7E5C24F82160}.RelWithDebInfo|x64.ActiveCfg = RelWithDebInfo|x64
		{1BD35E18-0A49-3EF2-9C5E-7E5C24F82160}.RelWithDebInfo|x64.Build.0 = RelWithDebInfo|x64
	EndGlobalSection
	GlobalSection(ExtensibilityGlobals) = postSolution
		SolutionGuid = {CE3AF159-BF59-3E52-9245-15B757875432}
	EndGlobalSection
	GlobalSection(ExtensibilityAddIns) = postSolution
	EndGlobalSection
EndGlobal
